hash: 553585bce6fe06adbccbd9a6c0212a61c69c4b30b577d076a4026e03f2723b4f
updated: 2017-05-16T10:14:33.618079059+02:00
imports:
- name: github.com/yuin/gopher-lua
  version: b402f3114ec730d8bddb074a6c137309f561aa78
  subpackages:
  - ast
  - parse
  - pm
- name: golang.org/x/net
  version: 34057069f4ab13dc4433c68d368737ebeafcccdc
  subpackages:
  - context
testImports: []
